
Microsoft Visual Studio Solution File, Format Version 12.00
# Visual Studio Version 17
VisualStudioVersion = 17.8.34330.188
MinimumVisualStudioVersion = 10.0.40219.1
Project("{FAE04EC0-301F-11D3-BF4B-00C04F79EFBC}") = "File_Explorer", "File_Explorer\File_Explorer.csproj", "{AA43FBAD-8597-4C5F-A19A-479194D5DAF8}"
EndProject
Global
	GlobalSection(SolutionConfigurationPlatforms) = preSolution
		Debug|Any CPU = Debug|Any CPU
		Release|Any CPU = Release|Any CPU
	EndGlobalSection
	GlobalSection(ProjectConfigurationPlatforms) = postSolution
		{AA43FBAD-8597-4C5F-A19A-479194D5DAF8}.Debug|Any CPU.ActiveCfg = Debug|Any CPU
		{AA43FBAD-8597-4C5F-A19A-479194D5DAF8}.Debug|Any CPU.Build.0 = Debug|Any CPU
		{AA43FBAD-8597-4C5F-A19A-479194D5DAF8}.Release|Any CPU.ActiveCfg = Release|Any CPU
		{AA43FBAD-8597-4C5F-A19A-479194D5DAF8}.Release|Any CPU.Build.0 = Release|Any CPU
	EndGlobalSection
	GlobalSection(SolutionProperties) = preSolution
		HideSolutionNode = FALSE
	EndGlobalSection
	GlobalSection(ExtensibilityGlobals) = postSolution
		SolutionGuid = {F4EE2B4A-EBBF-475B-9133-00C62C022539}
	EndGlobalSection
EndGlobal
